# Generated by tools/scripts/lock_python_dependencies.py -- do not edit by hand.
# Regenerate with: make lock-python
#
# The lock is the resolved form of the ranges in pyproject.toml. It is
# installed with --require-hashes; because pip cannot hash an editable local
# project, the project itself is installed separately with --no-deps. See
# docs/security/reproducible-python-lock.md.
# schema: workbench-python-lock-v1
# python: 3.12
# platform: cp312-manylinux_x86_64
# requirements_hash: 897488909240eb563f5d3c85e4aaea1f91c1d4355efbaf0325bd9298c62f3398
# package_count: 49

annotated-types==0.8.0 --hash=sha256:f072f4d804ea359e4eaf198b1af7a8b0943881a87f31bb764f8bf219bb9419e0
attrs==26.1.0 --hash=sha256:c647aa4a12dfbad9333ca4e71fe62ddc36f4e63b2d260a37a8b83d2f043ac309
cfgv==3.5.0 --hash=sha256:a8dc6b26ad22ff227d2634a65cb388215ce6cc96bbcc5cfde7641ae87e8dacc0
click==8.5.0 --hash=sha256:255bc9599cf7748b4b1a446ccc735421bd08a2ae529a8b88597d3de5664ee360
coverage==7.16.1 --hash=sha256:e82e10b9d290f60b63459cfb245a841aec347603997206296b93881463a93dcf
distlib==0.4.3 --hash=sha256:4b0ce306c966eb73bc3a7b6abad017c556dadd92c44701562cd528ac7fde4d5b
filelock==3.32.7 --hash=sha256:65ff0d0190ea42038b32bda4b77834fb05be2cad4c5b9b01aa4dfb3614536e52
ghp-import==2.1.0 --hash=sha256:8337dd7b50877f163d4c0289bc1f1c7f127550241988d568c1db512c4324a619
griffelib==2.3.0 --hash=sha256:1b8f9cd525681c26b1d6d574faa1371651e8459ca51d209684f50b8096ae06e0
identify==2.6.19 --hash=sha256:20e6a87f786f768c092a721ad107fc9df0eb89347be9396cadf3f4abbd1fb78a
iniconfig==2.3.0 --hash=sha256:f631c04d2c48c52b84d0d0549c99ff3859c98df65b3101406327ecc7d53fbf12
jinja2==3.1.6 --hash=sha256:85ece4451f492d0c13c5dd7c13a64681a86afae63a5f347908daf103ce6d2f67
jsonschema==4.26.0 --hash=sha256:d489f15263b8d200f8387e64b4c3a75f06629559fb73deb8fdfb525f2dab50ce
jsonschema-specifications==2025.9.1 --hash=sha256:98802fee3a11ee76ecaca44429fda8a41bff98b00a0f2838151b113f210cc6fe
kiutils==1.4.8 --hash=sha256:ca7c5c7eafb7bc33daa3d6cfe42cc704be2bcd2206103b28ad2682d88a6072ae
markdown==3.10.3 --hash=sha256:fa6c92a00a4a3c98b22728c64a935ae1928250ae65058a6ded814d2cc29a4cea
markupsafe==3.0.3 --hash=sha256:d6dd0be5b5b189d31db7cda48b91d7e0a9795f31430b7f271219ab30f1d3ac9d
mergedeep==1.3.4 --hash=sha256:70775750742b25c0d8f36c55aed03d24c3384d17c951b3175d898bd778ef0307
mkdocs==1.6.1 --hash=sha256:db91759624d1647f3f34aa0c3f327dd2601beae39a366d6e064c03468d35c20e
mkdocs-autorefs==1.4.4 --hash=sha256:834ef5408d827071ad1bc69e0f39704fa34c7fc05bc8e1c72b227dfdc5c76089
mkdocs-get-deps==0.2.2 --hash=sha256:e7878cbeac04860b8b5e0ca31d3abad3df9411a75a32cde82f8e44b6c16ff650
mkdocstrings==1.0.6 --hash=sha256:2703708697487d1b6d6d7b412e176fa436edf120c1bf81dc9e126b12d00893c7
mkdocstrings-python==2.0.8 --hash=sha256:e555d9ef53b0febdeae4dd603144d4f86ec90fef672276645ea3bb61232c3d24
nodeenv==1.10.0 --hash=sha256:5bb13e3eed2923615535339b3c620e76779af4cb4c6a90deccc9e36b274d3827
packaging==26.3 --hash=sha256:d7193f7c8e4e93f444fde0262bf90af30e16fa0ad0ad44cb553c87339b23cd1c
pathspec==1.1.1 --hash=sha256:a00ce642f577bf7f473932318056212bc4f8bfdf53128c78bbd5af0b9b20b189
platformdirs==4.11.10 --hash=sha256:973c4c082b964958c71588448488d2b14fb253893dfbdb82325a14c84e540e8f
pluggy==1.6.0 --hash=sha256:e920276dd6813095e9377c0bc5566d94c932c33b27a3e3945d8389c374dd4746
pre-commit==4.6.2 --hash=sha256:e2dde9a75d3bce11bd3831c26d134df00a2803c1d818be6a0383c3dcda25dc4e
py-cpuinfo2==10.1.1 --hash=sha256:adc53396bfb206e6498d078ec2ab407f85799ecd819584ac36a8f80a2d4d762d
pydantic==2.13.5 --hash=sha256:346a034f080da3755d8e9cb5e00e8b07de1d39e4f6e2c87d8ab7cafa0b269a73
pydantic-core==2.46.5 --hash=sha256:0fc5be0abd4a407e200d844b404e33639a554e7bd0d448e7b9ae181be4789ac2
pygments==2.21.0 --hash=sha256:2363c69b61c4a97c838da3b130dcd6468f4848992b21a82f2a63ec34377137d9
pymdown-extensions==12.0.1 --hash=sha256:15d629e8035892b93d788a8424ccea754d4aa3cec247a64cbfe7b15089c9ad7f
pytest==9.1.1 --hash=sha256:37a86b45efb9a47a61a36449063e8e18d0cab3161329fc099eb21783169c4f0c
pytest-benchmark==5.3.0 --hash=sha256:920ab1dfcffa718d49aa15ba144c7e357bda59216a0dc308016cc1c7236f719d
pytest-cov==7.1.0 --hash=sha256:a0461110b7865f9a271aa1b51e516c9a95de9d696734a2f71e3e78f46e1d4678
python-dateutil==2.9.0.post0 --hash=sha256:a8b2bc7bffae282281c8140a97d3aa9c14da0b136dfe83f850eea9a5f7470427
python-discovery==1.6.1 --hash=sha256:d43fcdef879fe795352bd13ccf8d185ba5a9f86f36cfcd00529f596e737442b3
pyyaml==6.0.3 --hash=sha256:ba1cc08a7ccde2d2ec775841541641e4548226580ab850948cbfda66a1befcdc
pyyaml-env-tag==1.1 --hash=sha256:17109e1a528561e32f026364712fee1264bc2ea6715120891174ed1b980d2e04
referencing==0.37.0 --hash=sha256:381329a9f99628c9069361716891d34ad94af76e461dcb0335825aecc7692231
rpds-py==2026.6.3 --hash=sha256:ecabd69db66de867690f9797f2f8fa27ba501bbc24540cbdbdc649cd15888ba6
ruff==0.16.7 --hash=sha256:9ce7f8f22df67c93ed96c717f9128eadb797144ac2bad475cf536f31d6100c55
six==1.17.0 --hash=sha256:4721f391ed90541fddacab5acf947aa0d3dc7d27b2e1e8eda2be8970586c3274
typing-extensions==4.16.0 --hash=sha256:481caa481374e813c1b176ada14e97f1f67a4539ce9cfeb3f350d78d6370c2e8
typing-inspection==0.4.4 --hash=sha256:65b8397ba37ccbce054456aaccddfc91e6e3083c92824df348d96ca832f3f147
virtualenv==21.7.14 --hash=sha256:ac2b2b3755da16aed6302de00ecd0cc43ecc0f295c3f84c064969cd70869ba05
watchdog==6.0.0 --hash=sha256:20ffe5b202af80ab4266dcd3e91aae72bf2da48c0d33bdb15c66658e685e94e2
